// !$*UTF8*$!
{
	archiveVersion = 1;
	classes = {
	};
	objectVersion = 55;
	objects = {

/* Begin PBXBuildFile section */
		849CE84D2916C6F50041FB64 /* AppDelegate.swift in Sources */ = {isa = PBXBuildFile; fileRef = 849CE84C2916C6F50041FB64 /* AppDelegate.swift */; };
		849CE84F2916C6F50041FB64 /* SceneDelegate.swift in Sources */ = {isa = PBXBuildFile; fileRef = 849CE84E2916C6F50041FB64 /* SceneDelegate.swift */; };
		849CE8512916C6F50041FB64 /* ViewController.swift in Sources */ = {isa = PBXBuildFile; fileRef = 849CE8502916C6F50041FB64 /* ViewController.swift */; };
		849CE8542916C6F50041FB64 /* Main.storyboard in Resources */ = {isa = PBXBuildFile; fileRef = 849CE8522916C6F50041FB64 /* Main.storyboard */; };
		849CE8562916C6F70041FB64 /* Assets.xcassets in Resources */ = {isa = PBXBuildFile; fileRef = 849CE8552916C6F70041FB64 /* Assets.xcassets */; };
		849CE8592916C6F70041FB64 /* LaunchScreen.storyboard in Resources */ = {isa = PBXBuildFile; fileRef = 849CE8572916C6F70041FB64 /* LaunchScreen.storyboard */; };
		849CE8612916EE5A0041FB64 /* AdressesViewController.swift in Sources */ = {isa = PBXBuildFile; fileRef = 849CE8602916EE5A0041FB64 /* AdressesViewController.swift */; };
		849CE8632916EF670041FB64 /* Base.swift in Sources */ = {isa = PBXBuildFile; fileRef = 849CE8622916EF670041FB64 /* Base.swift */; };
/* End PBXBuildFile section */

/* Begin PBXFileReference section */
		849CE8492916C6F50041FB64 /* userTestDefauls.app */ = {isa = PBXFileReference; explicitFileType = wrapper.application; includeInIndex = 0; path = userTestDefauls.app; sourceTree = BUILT_PRODUCTS_DIR; };
		849CE84C2916C6F50041FB64 /* AppDelegate.swift */ = {isa = PBXFileReference; lastKnownFileType = sourcecode.swift; path = AppDelegate.swift; sourceTree = "<group>"; };
		849CE84E2916C6F50041FB64 /* SceneDelegate.swift */ = {isa = PBXFileReference; lastKnownFileType = sourcecode.swift; path = SceneDelegate.swift; sourceTree = "<group>"; };
		849CE8502916C6F50041FB64 /* ViewController.swift */ = {isa = PBXFileReference; lastKnownFileType = sourcecode.swift; path = ViewController.swift; sourceTree = "<group>"; };
		849CE8532916C6F50041FB64 /* Base */ = {isa = PBXFileReference; lastKnownFileType = file.storyboard; name = Base; path = Base.lproj/Main.storyboard; sourceTree = "<group>"; };
		849CE8552916C6F70041FB64 /* Assets.xcassets */ = {isa = PBXFileReference; lastKnownFileType = folder.assetcatalog; path = Assets.xcassets; sourceTree = "<group>"; };
		849CE8582916C6F70041FB64 /* Base */ = {isa = PBXFileReference; lastKnownFileType = file.storyboard; name = Base; path = Base.lproj/LaunchScreen.storyboard; sourceTree = "<group>"; };
		849CE85A2916C6F70041FB64 /* Info.plist */ = {isa = PBXFileReference; lastKnownFileType = text.plist.xml; path = Info.plist; sourceTree = "<group>"; };
		849CE8602916EE5A0041FB64 /* AdressesViewController.swift */ = {isa = PBXFileReference; lastKnownFileType = sourcecode.swift; path = AdressesViewController.swift; sourceTree = "<group>"; };
		849CE8622916EF670041FB64 /* Base.swift */ = {isa = PBXFileReference; lastKnownFileType = sourcecode.swift; path = Base.swift; sourceTree = "<group>"; };
/* End PBXFileReference section */

/* Begin PBXFrameworksBuildPhase section */
		849CE8462916C6F50041FB64 /* Frameworks */ = {
			isa = PBXFrameworksBuildPhase;
			buildActionMask = 2147483647;
			files = (
			);
			runOnlyForDeploymentPostprocessing = 0;
		};
/* End PBXFrameworksBuildPhase section */

/* Begin PBXGroup section */
		849CE8402916C6F50041FB64 = {
			isa = PBXGroup;
			children = (
				849CE84B2916C6F50041FB64 /* userTestDefauls */,
				849CE84A2916C6F50041FB64 /* Products */,
			);
			sourceTree = "<group>";
		};
		849CE84A2916C6F50041FB64 /* Products */ = {
			isa = PBXGroup;
			children = (
				849CE8492916C6F50041FB64 /* userTestDefauls.app */,
			);
			name = Products;
			sourceTree = "<group>";
		};
		849CE84B2916C6F50041FB64 /* userTestDefauls */ = {
			isa = PBXGroup;
			children = (
				849CE84C2916C6F50041FB64 /* AppDelegate.swift */,
				849CE84E2916C6F50041FB64 /* SceneDelegate.swift */,
				849CE8502916C6F50041FB64 /* ViewController.swift */,
				849CE8522916C6F50041FB64 /* Main.storyboard */,
				849CE8602916EE5A0041FB64 /* AdressesViewController.swift */,
				849CE8622916EF670041FB64 /* Base.swift */,
				849CE8552916C6F70041FB64 /* Assets.xcassets */,
				849CE8572916C6F70041FB64 /* LaunchScreen.storyboard */,
				849CE85A2916C6F70041FB64 /* Info.plist */,
			);
			path = userTestDefauls;
			sourceTree = "<group>";
		};
/* End PBXGroup section */

/* Begin PBXNativeTarget section */
		849CE8482916C6F50041FB64 /* userTestDefauls */ = {
			isa = PBXNativeTarget;
			buildConfigurationList = 849CE85D2916C6F70041FB64 /* Build configuration list for PBXNativeTarget "userTestDefauls" */;
			buildPhases = (
				849CE8452916C6F50041FB64 /* Sources */,
				849CE8462916C6F50041FB64 /* Frameworks */,
				849CE8472916C6F50041FB64 /* Resources */,
			);
			buildRules = (
			);
			dependencies = (
			);
			name = userTestDefauls;
			productName = userTestDefauls;
			productReference = 849CE8492916C6F50041FB64 /* userTestDefauls.app */;
			productType = "com.apple.product-type.application";
		};
/* End PBXNativeTarget section */

/* Begin PBXProject section */
		849CE8412916C6F50041FB64 /* Project object */ = {
			isa = PBXProject;
			attributes = {
				BuildIndependentTargetsInParallel = 1;
				LastSwiftUpdateCheck = 1340;
				LastUpgradeCheck = 1340;
				TargetAttributes = {
					849CE8482916C6F50041FB64 = {
						CreatedOnToolsVersion = 13.4.1;
					};
				};
			};
			buildConfigurationList = 849CE8442916C6F50041FB64 /* Build configuration list for PBXProject "userTestDefauls" */;
			compatibilityVersion = "Xcode 13.0";
			developmentRegion = en;
			hasScannedForEncodings = 0;
			knownRegions = (
				en,
				Base,
			);
			mainGroup = 849CE8402916C6F50041FB64;
			productRefGroup = 849CE84A2916C6F50041FB64 /* Products */;
			projectDirPath = "";
			projectRoot = "";
			targets = (
				849CE8482916C6F50041FB64 /* userTestDefauls */,
			);
		};
/* End PBXProject section */

/* Begin PBXResourcesBuildPhase section */
		849CE8472916C6F50041FB64 /* Resources */ = {
			isa = PBXResourcesBuildPhase;
			buildActionMask = 2147483647;
			files = (
				849CE8592916C6F70041FB64 /* LaunchScreen.storyboard in Resources */,
				849CE8562916C6F70041FB64 /* Assets.xcassets in Resources */,
				849CE8542916C6F50041FB64 /* Main.storyboard in Resources */,
			);
			runOnlyForDeploymentPostprocessing = 0;
		};
/* End PBXResourcesBuildPhase section */

/* Begin PBXSourcesBuildPhase section */
		849CE8452916C6F50041FB64 /* Sources */ = {
			isa = PBXSourcesBuildPhase;
			buildActionMask = 2147483647;
			files = (
				849CE8612916EE5A0041FB64 /* AdressesViewController.swift in Sources */,
				849CE8512916C6F50041FB64 /* ViewController.swift in Sources */,
				849CE8632916EF670041FB64 /* Base.swift in Sources */,
				849CE84D2916C6F50041FB64 /* AppDelegate.swift in Sources */,
				849CE84F2916C6F50041FB64 /* SceneDelegate.swift in Sources */,
			);
			runOnlyForDeploymentPostprocessing = 0;
		};
/* End PBXSourcesBuildPhase section */

/* Begin PBXVariantGroup section */
		849CE8522916C6F50041FB64 /* Main.storyboard */ = {
			isa = PBXVariantGroup;
			children = (
				849CE8532916C6F50041FB64 /* Base */,
			);
			name = Main.storyboard;
			sourceTree = "<group>";
		};
		849CE8572916C6F70041FB64 /* LaunchScreen.storyboard */ = {
			isa = PBXVariantGroup;
			children = (
				849CE8582916C6F70041FB64 /* Base */,
			);
			name = LaunchScreen.storyboard;
			sourceTree = "<group>";
		};
/* End PBXVariantGroup section */

/* Begin XCBuildConfiguration section */
		849CE85B2916C6F70041FB64 /* Debug */ = {
			isa = XCBuildConfiguration;
			buildSettings = {
				ALWAYS_SEARCH_USER_PATHS = NO;
				CLANG_ANALYZER_NONNULL = YES;
				CLANG_ANALYZER_NUMBER_OBJECT_CONVERSION = YES_AGGRESSIVE;
				CLANG_CXX_LANGUAGE_STANDARD = "gnu++17";
				CLANG_ENABLE_MODULES = YES;
				CLANG_ENABLE_OBJC_ARC = YES;
				CLANG_ENABLE_OBJC_WEAK = YES;
				CLANG_WARN_BLOCK_CAPTURE_AUTORELEASING = YES;
				CLANG_WARN_BOOL_CONVERSION = YES;
				CLANG_WARN_COMMA = YES;
				CLANG_WARN_CONSTANT_CONVERSION = YES;
				CLANG_WARN_DEPRECATED_OBJC_IMPLEMENTATIONS = YES;
				CLANG_WARN_DIRECT_OBJC_ISA_USAGE = YES_ERROR;
				CLANG_WARN_DOCUMENTATION_COMMENTS = YES;
				CLANG_WARN_EMPTY_BODY = YES;
				CLANG_WARN_ENUM_CONVERSION = YES;
				CLANG_WARN_INFINITE_RECURSION = YES;
				CLANG_WARN_INT_CONVERSION = YES;
				CLANG_WARN_NON_LITERAL_NULL_CONVERSION = YES;
				CLANG_WARN_OBJC_IMPLICIT_RETAIN_SELF = YES;
				CLANG_WARN_OBJC_LITERAL_CONVERSION = YES;
				CLANG_WARN_OBJC_ROOT_CLASS = YES_ERROR;
				CLANG_WARN_QUOTED_INCLUDE_IN_FRAMEWORK_HEADER = YES;
				CLANG_WARN_RANGE_LOOP_ANALYSIS = YES;
				CLANG_WARN_STRICT_PROTOTYPES = YES;
				CLANG_WARN_SUSPICIOUS_MOVE = YES;
				CLANG_WARN_UNGUARDED_AVAILABILITY = YES_AGGRESSIVE;
				CLANG_WARN_UNREACHABLE_CODE = YES;
				CLANG_WARN__DUPLICATE_METHOD_MATCH = YES;
				COPY_PHASE_STRIP = NO;
				DEBUG_INFORMATION_FORMAT = dwarf;
				ENABLE_STRICT_OBJC_MSGSEND = YES;
				ENABLE_TESTABILITY = YES;
				GCC_C_LANGUAGE_STANDARD = gnu11;
				GCC_DYNAMIC_NO_PIC = NO;
				GCC_NO_COMMON_BLOCKS = YES;
				GCC_OPTIMIZATION_LEVEL = 0;
				GCC_PREPROCESSOR_DEFINITIONS = (
					"DEBUG=1",
					"$(inherited)",
				);
				GCC_WARN_64_TO_32_BIT_CONVERSION = YES;
				GCC_WARN_ABOUT_RETURN_TYPE = YES_ERROR;
				GCC_WARN_UNDECLARED_SELECTOR = YES;
				GCC_WARN_UNINITIALIZED_AUTOS = YES_AGGRESSIVE;
				GCC_WARN_UNUSED_FUNCTION = YES;
				GCC_WARN_UNUSED_VARIABLE = YES;
				IPHONEOS_DEPLOYMENT_TARGET = 15.5;
				MTL_ENABLE_DEBUG_INFO = INCLUDE_SOURCE;
				MTL_FAST_MATH = YES;
				ONLY_ACTIVE_ARCH = YES;
				SDKROOT = iphoneos;
				SWIFT_ACTIVE_COMPILATION_CONDITIONS = DEBUG;
				SWIFT_OPTIMIZATION_LEVEL = "-Onone";
			};
			name = Debug;
		};
		849CE85C2916C6F70041FB64 /* Release */ = {
			isa = XCBuildConfiguration;
			buildSettings = {
				ALWAYS_SEARCH_USER_PATHS = NO;
				CLANG_ANALYZER_NONNULL = YES;
				CLANG_ANALYZER_NUMBER_OBJECT_CONVERSION = YES_AGGRESSIVE;
				CLANG_CXX_LANGUAGE_STANDARD = "gnu++17";
				CLANG_ENABLE_MODULES = YES;
				CLANG_ENABLE_OBJC_ARC = YES;
				CLANG_ENABLE_OBJC_WEAK = YES;
				CLANG_WARN_BLOCK_CAPTURE_AUTORELEASING = YES;
				CLANG_WARN_BOOL_CONVERSION = YES;
				CLANG_WARN_COMMA = YES;
				CLANG_WARN_CONSTANT_CONVERSION = YES;
				CLANG_WARN_DEPRECATED_OBJC_IMPLEMENTATIONS = YES;
				CLANG_WARN_DIRECT_OBJC_ISA_USAGE = YES_ERROR;
				CLANG_WARN_DOCUMENTATION_COMMENTS = YES;
				CLANG_WARN_EMPTY_BODY = YES;
				CLANG_WARN_ENUM_CONVERSION = YES;
				CLANG_WARN_INFINITE_RECURSION = YES;
				CLANG_WARN_INT_CONVERSION = YES;
				CLANG_WARN_NON_LITERAL_NULL_CONVERSION = YES;
				CLANG_WARN_OBJC_IMPLICIT_RETAIN_SELF = YES;
				CLANG_WARN_OBJC_LITERAL_CONVERSION = YES;
				CLANG_WARN_OBJC_ROOT_CLASS = YES_ERROR;
				CLANG_WARN_QUOTED_INCLUDE_IN_FRAMEWORK_HEADER = YES;
				CLANG_WARN_RANGE_LOOP_ANALYSIS = YES;
				CLANG_WARN_STRICT_PROTOTYPES = YES;
				CLANG_WARN_SUSPICIOUS_MOVE = YES;
				CLANG_WARN_UNGUARDED_AVAILABILITY = YES_AGGRESSIVE;
				CLANG_WARN_UNREACHABLE_CODE = YES;
				CLANG_WARN__DUPLICATE_METHOD_MATCH = YES;
				COPY_PHASE_STRIP = NO;
				DEBUG_INFORMATION_FORMAT = "dwarf-with-dsym";
				ENABLE_NS_ASSERTIONS = NO;
				ENABLE_STRICT_OBJC_MSGSEND = YES;
				GCC_C_LANGUAGE_STANDARD = gnu11;
				GCC_NO_COMMON_BLOCKS = YES;
				GCC_WARN_64_TO_32_BIT_CONVERSION = YES;
				GCC_WARN_ABOUT_RETURN_TYPE = YES_ERROR;
				GCC_WARN_UNDECLARED_SELECTOR = YES;
				GCC_WARN_UNINITIALIZED_AUTOS = YES_AGGRESSIVE;
				GCC_WARN_UNUSED_FUNCTION = YES;
				GCC_WARN_UNUSED_VARIABLE = YES;
				IPHONEOS_DEPLOYMENT_TARGET = 15.5;
				MTL_ENABLE_DEBUG_INFO = NO;
				MTL_FAST_MATH = YES;
				SDKROOT = iphoneos;
				SWIFT_COMPILATION_MODE = wholemodule;
				SWIFT_OPTIMIZATION_LEVEL = "-O";
				VALIDATE_PRODUCT = YES;
			};
			name = Release;
		};
		849CE85E2916C6F70041FB64 /* Debug */ = {
			isa = XCBuildConfiguration;
			buildSettings = {
				ASSETCATALOG_COMPILER_APPICON_NAME = AppIcon;
				ASSETCATALOG_COMPILER_GLOBAL_ACCENT_COLOR_NAME = AccentColor;
				CODE_SIGN_STYLE = Automatic;
				CURRENT_PROJECT_VERSION = 1;
				GENERATE_INFOPLIST_FILE = YES;
				INFOPLIST_FILE = userTestDefauls/Info.plist;
				INFOPLIST_KEY_UIApplicationSupportsIndirectInputEvents = YES;
				INFOPLIST_KEY_UILaunchStoryboardName = LaunchScreen;
				INFOPLIST_KEY_UIMainStoryboardFile = Main;
				INFOPLIST_KEY_UISupportedInterfaceOrientations_iPad = "UIInterfaceOrientationPortrait UIInterfaceOrientationPortraitUpsideDown UIInterfaceOrientationLandscapeLeft UIInterfaceOrientationLandscapeRight";
				INFOPLIST_KEY_UISupportedInterfaceOrientations_iPhone = "UIInterfaceOrientationPortrait UIInterfaceOrientationLandscapeLeft UIInterfaceOrientationLandscapeRight";
				LD_RUNPATH_SEARCH_PATHS = (
					"$(inherited)",
					"@executable_path/Frameworks",
				);
				MARKETING_VERSION = 1.0;
				PRODUCT_BUNDLE_IDENTIFIER = Stasevich.userTestDefauls;
				PRODUCT_NAME = "$(TARGET_NAME)";
				SWIFT_EMIT_LOC_STRINGS = YES;
				SWIFT_VERSION = 5.0;
				TARGETED_DEVICE_FAMILY = "1,2";
			};
			name = Debug;
		};
		849CE85F2916C6F70041FB64 /* Release */ = {
			isa = XCBuildConfiguration;
			buildSettings = {
				ASSETCATALOG_COMPILER_APPICON_NAME = AppIcon;
				ASSETCATALOG_COMPILER_GLOBAL_ACCENT_COLOR_NAME = AccentColor;
				CODE_SIGN_STYLE = Automatic;
				CURRENT_PROJECT_VERSION = 1;
				GENERATE_INFOPLIST_FILE = YES;
				INFOPLIST_FILE = userTestDefauls/Info.plist;
				INFOPLIST_KEY_UIApplicationSupportsIndirectInputEvents = YES;
				INFOPLIST_KEY_UILaunchStoryboardName = LaunchScreen;
				INFOPLIST_KEY_UIMainStoryboardFile = Main;
				INFOPLIST_KEY_UISupportedInterfaceOrientations_iPad = "UIInterfaceOrientationPortrait UIInterfaceOrientationPortraitUpsideDown UIInterfaceOrientationLandscapeLeft UIInterfaceOrientationLandscapeRight";
				INFOPLIST_KEY_UISupportedInterfaceOrientations_iPhone = "UIInterfaceOrientationPortrait UIInterfaceOrientationLandscapeLeft UIInterfaceOrientationLandscapeRight";
				LD_RUNPATH_SEARCH_PATHS = (
					"$(inherited)",
					"@executable_path/Frameworks",
				);
				MARKETING_VERSION = 1.0;
				PRODUCT_BUNDLE_IDENTIFIER = Stasevich.userTestDefauls;
				PRODUCT_NAME = "$(TARGET_NAME)";
				SWIFT_EMIT_LOC_STRINGS = YES;
				SWIFT_VERSION = 5.0;
				TARGETED_DEVICE_FAMILY = "1,2";
			};
			name = Release;
		};
/* End XCBuildConfiguration section */

/* Begin XCConfigurationList section */
		849CE8442916C6F50041FB64 /* Build configuration list for PBXProject "userTestDefauls" */ = {
			isa = XCConfigurationList;
			buildConfigurations = (
				849CE85B2916C6F70041FB64 /* Debug */,
				849CE85C2916C6F70041FB64 /* Release */,
			);
			defaultConfigurationIsVisible = 0;
			defaultConfigurationName = Release;
		};
		849CE85D2916C6F70041FB64 /* Build configuration list for PBXNativeTarget "userTestDefauls" */ = {
			isa = XCConfigurationList;
			buildConfigurations = (
				849CE85E2916C6F70041FB64 /* Debug */,
				849CE85F2916C6F70041FB64 /* Release */,
			);
			defaultConfigurationIsVisible = 0;
			defaultConfigurationName = Release;
		};
/* End XCConfigurationList section */
	};
	rootObject = 849CE8412916C6F50041FB64 /* Project object */;
}
